
Microsoft Visual Studio Solution File, Format Version 12.00
# Visual Studio 15
VisualStudioVersion = 15.0.28307.539
MinimumVisualStudioVersion = 10.0.40219.1
Project("{FAE04EC0-301F-11D3-BF4B-00C04F79EFBC}") = "BatalhaNavalGrupo3", "BatalhaNavalGrupo3\BatalhaNavalGrupo3.csproj", "{502D2E62-D397-42F5-A570-1821030B0736}"
EndProject
Global
	GlobalSection(SolutionConfigurationPlatforms) = preSolution
		Debug|Any CPU = Debug|Any CPU
		Release|Any CPU = Release|Any CPU
	EndGlobalSection
	GlobalSection(ProjectConfigurationPlatforms) = postSolution
		{502D2E62-D397-42F5-A570-1821030B0736}.Debug|Any CPU.ActiveCfg = Debug|Any CPU
		{502D2E62-D397-42F5-A570-1821030B0736}.Debug|Any CPU.Build.0 = Debug|Any CPU
		{502D2E62-D397-42F5-A570-1821030B0736}.Release|Any CPU.ActiveCfg = Release|Any CPU
		{502D2E62-D397-42F5-A570-1821030B0736}.Release|Any CPU.Build.0 = Release|Any CPU
	EndGlobalSection
	GlobalSection(SolutionProperties) = preSolution
		HideSolutionNode = FALSE
	EndGlobalSection
	GlobalSection(ExtensibilityGlobals) = postSolution
		SolutionGuid = {54ACC354-2A6D-4F24-9B17-B3C948E2F59F}
	EndGlobalSection
EndGlobal
