
Microsoft Visual Studio Solution File, Format Version 12.00
# Visual Studio Version 16
VisualStudioVersion = 16.0.28803.452
MinimumVisualStudioVersion = 10.0.40219.1
Project("{FAE04EC0-301F-11D3-BF4B-00C04F79EFBC}") = "Batalha_Naval_v2", "Batalha_Naval_v2.csproj", "{5D5478B2-1E41-4815-85CF-21DBC93C8C77}"
EndProject
Global
	GlobalSection(SolutionConfigurationPlatforms) = preSolution
		Debug|Any CPU = Debug|Any CPU
		Release|Any CPU = Release|Any CPU
	EndGlobalSection
	GlobalSection(ProjectConfigurationPlatforms) = postSolution
		{5D5478B2-1E41-4815-85CF-21DBC93C8C77}.Debug|Any CPU.ActiveCfg = Debug|Any CPU
		{5D5478B2-1E41-4815-85CF-21DBC93C8C77}.Debug|Any CPU.Build.0 = Debug|Any CPU
		{5D5478B2-1E41-4815-85CF-21DBC93C8C77}.Release|Any CPU.ActiveCfg = Release|Any CPU
		{5D5478B2-1E41-4815-85CF-21DBC93C8C77}.Release|Any CPU.Build.0 = Release|Any CPU
	EndGlobalSection
	GlobalSection(SolutionProperties) = preSolution
		HideSolutionNode = FALSE
	EndGlobalSection
	GlobalSection(ExtensibilityGlobals) = postSolution
		SolutionGuid = {7FE808DB-ED51-41F3-93B8-4297CD08631C}
	EndGlobalSection
EndGlobal
